// !$*UTF8*$!
{
	archiveVersion = 1;
	classes = {
	};
	objectVersion = 46;
	objects = {

/* Begin PBXBuildFile section */
		525BA07A1BCBF30900D00556 /* FCBubblesCollectionViewController.swift in Sources */ = {isa = PBXBuildFile; fileRef = 525BA0791BCBF30900D00556 /* FCBubblesCollectionViewController.swift */; settings = {ASSET_TAGS = (); }; };
		525BA07C1BCBF37A00D00556 /* FCBubbleViewModel.swift in Sources */ = {isa = PBXBuildFile; fileRef = 525BA07B1BCBF37A00D00556 /* FCBubbleViewModel.swift */; settings = {ASSET_TAGS = (); }; };
		525BA07E1BCBF3E500D00556 /* FCBubbleCollectionViewCell.swift in Sources */ = {isa = PBXBuildFile; fileRef = 525BA07D1BCBF3E500D00556 /* FCBubbleCollectionViewCell.swift */; settings = {ASSET_TAGS = (); }; };
		525BA0801BCBF5A600D00556 /* FCBubbleCollectionViewFlowLayout.swift in Sources */ = {isa = PBXBuildFile; fileRef = 525BA07F1BCBF5A600D00556 /* FCBubbleCollectionViewFlowLayout.swift */; settings = {ASSET_TAGS = (); }; };
		525D0C301BCBC8E700EFFC31 /* AppDelegate.swift in Sources */ = {isa = PBXBuildFile; fileRef = 525D0C2F1BCBC8E700EFFC31 /* AppDelegate.swift */; };
		525D0C321BCBC8E700EFFC31 /* FCEquationViewController.swift in Sources */ = {isa = PBXBuildFile; fileRef = 525D0C311BCBC8E700EFFC31 /* FCEquationViewController.swift */; };
		525D0C351BCBC8E700EFFC31 /* Main.storyboard in Resources */ = {isa = PBXBuildFile; fileRef = 525D0C331BCBC8E700EFFC31 /* Main.storyboard */; };
		525D0C371BCBC8E700EFFC31 /* Assets.xcassets in Resources */ = {isa = PBXBuildFile; fileRef = 525D0C361BCBC8E700EFFC31 /* Assets.xcassets */; };
		525D0C3A1BCBC8E700EFFC31 /* LaunchScreen.storyboard in Resources */ = {isa = PBXBuildFile; fileRef = 525D0C381BCBC8E700EFFC31 /* LaunchScreen.storyboard */; };
		525D0C451BCBC8E700EFFC31 /* FreqChartsTests.swift in Sources */ = {isa = PBXBuildFile; fileRef = 525D0C441BCBC8E700EFFC31 /* FreqChartsTests.swift */; };
		525D0C501BCBD35F00EFFC31 /* test.html in Resources */ = {isa = PBXBuildFile; fileRef = 525D0C4F1BCBD35F00EFFC31 /* test.html */; settings = {ASSET_TAGS = (); }; };
		525D0C521BCBD79500EFFC31 /* FCSymbol.swift in Sources */ = {isa = PBXBuildFile; fileRef = 525D0C511BCBD79500EFFC31 /* FCSymbol.swift */; settings = {ASSET_TAGS = (); }; };
		52A0C88A1BCE82B2000504FD /* FCFABViewController.swift in Sources */ = {isa = PBXBuildFile; fileRef = 52A0C8891BCE82B2000504FD /* FCFABViewController.swift */; settings = {ASSET_TAGS = (); }; };
		52A0C88C1BCE9006000504FD /* FCCreateEquationViewController.swift in Sources */ = {isa = PBXBuildFile; fileRef = 52A0C88B1BCE9006000504FD /* FCCreateEquationViewController.swift */; settings = {ASSET_TAGS = (); }; };
		52A0C8901BCE9D7D000504FD /* FCMovingButton.swift in Sources */ = {isa = PBXBuildFile; fileRef = 52A0C88F1BCE9D7D000504FD /* FCMovingButton.swift */; settings = {ASSET_TAGS = (); }; };
		52A0C8921BCEA952000504FD /* FCMovingView.swift in Sources */ = {isa = PBXBuildFile; fileRef = 52A0C8911BCEA952000504FD /* FCMovingView.swift */; settings = {ASSET_TAGS = (); }; };
		52A2CD581BCD6898000A7B0E /* FCSwiftShitness.m in Sources */ = {isa = PBXBuildFile; fileRef = 52A2CD571BCD6898000A7B0E /* FCSwiftShitness.m */; settings = {ASSET_TAGS = (); }; };
/* End PBXBuildFile section */

/* Begin PBXContainerItemProxy section */
		525D0C411BCBC8E700EFFC31 /* PBXContainerItemProxy */ = {
			isa = PBXContainerItemProxy;
			containerPortal = 525D0C241BCBC8E700EFFC31 /* Project object */;
			proxyType = 1;
			remoteGlobalIDString = 525D0C2B1BCBC8E700EFFC31;
			remoteInfo = FreqCharts;
		};
/* End PBXContainerItemProxy section */

/* Begin PBXFileReference section */
		525BA0791BCBF30900D00556 /* FCBubblesCollectionViewController.swift */ = {isa = PBXFileReference; fileEncoding = 4; lastKnownFileType = sourcecode.swift; path = FCBubblesCollectionViewController.swift; sourceTree = "<group>"; };
		525BA07B1BCBF37A00D00556 /* FCBubbleViewModel.swift */ = {isa = PBXFileReference; fileEncoding = 4; lastKnownFileType = sourcecode.swift; path = FCBubbleViewModel.swift; sourceTree = "<group>"; };
		525BA07D1BCBF3E500D00556 /* FCBubbleCollectionViewCell.swift */ = {isa = PBXFileReference; fileEncoding = 4; lastKnownFileType = sourcecode.swift; path = FCBubbleCollectionViewCell.swift; sourceTree = "<group>"; };
		525BA07F1BCBF5A600D00556 /* FCBubbleCollectionViewFlowLayout.swift */ = {isa = PBXFileReference; fileEncoding = 4; lastKnownFileType = sourcecode.swift; path = FCBubbleCollectionViewFlowLayout.swift; sourceTree = "<group>"; };
		525BA0851BCC1E9800D00556 /* FreqCharts-Bridging-Header.h */ = {isa = PBXFileReference; lastKnownFileType = sourcecode.c.h; path = "FreqCharts-Bridging-Header.h"; sourceTree = "<group>"; };
		525D0C2C1BCBC8E700EFFC31 /* FreqCharts.app */ = {isa = PBXFileReference; explicitFileType = wrapper.application; includeInIndex = 0; path = FreqCharts.app; sourceTree = BUILT_PRODUCTS_DIR; };
		525D0C2F1BCBC8E700EFFC31 /* AppDelegate.swift */ = {isa = PBXFileReference; lastKnownFileType = sourcecode.swift; path = AppDelegate.swift; sourceTree = "<group>"; };
		525D0C311BCBC8E700EFFC31 /* FCEquationViewController.swift */ = {isa = PBXFileReference; lastKnownFileType = sourcecode.swift; path = FCEquationViewController.swift; sourceTree = "<group>"; };
		525D0C341BCBC8E700EFFC31 /* Base */ = {isa = PBXFileReference; lastKnownFileType = file.storyboard; name = Base; path = Base.lproj/Main.storyboard; sourceTree = "<group>"; };
		525D0C361BCBC8E700EFFC31 /* Assets.xcassets */ = {isa = PBXFileReference; lastKnownFileType = folder.assetcatalog; path = Assets.xcassets; sourceTree = "<group>"; };
		525D0C391BCBC8E700EFFC31 /* Base */ = {isa = PBXFileReference; lastKnownFileType = file.storyboard; name = Base; path = Base.lproj/LaunchScreen.storyboard; sourceTree = "<group>"; };
		525D0C3B1BCBC8E700EFFC31 /* Info.plist */ = {isa = PBXFileReference; lastKnownFileType = text.plist.xml; path = Info.plist; sourceTree = "<group>"; };
		525D0C401BCBC8E700EFFC31 /* FreqChartsTests.xctest */ = {isa = PBXFileReference; explicitFileType = wrapper.cfbundle; includeInIndex = 0; path = FreqChartsTests.xctest; sourceTree = BUILT_PRODUCTS_DIR; };
		525D0C441BCBC8E700EFFC31 /* FreqChartsTests.swift */ = {isa = PBXFileReference; lastKnownFileType = sourcecode.swift; path = FreqChartsTests.swift; sourceTree = "<group>"; };
		525D0C461BCBC8E700EFFC31 /* Info.plist */ = {isa = PBXFileReference; lastKnownFileType = text.plist.xml; path = Info.plist; sourceTree = "<group>"; };
		525D0C4F1BCBD35F00EFFC31 /* test.html */ = {isa = PBXFileReference; fileEncoding = 4; lastKnownFileType = text.html; path = test.html; sourceTree = "<group>"; };
		525D0C511BCBD79500EFFC31 /* FCSymbol.swift */ = {isa = PBXFileReference; fileEncoding = 4; lastKnownFileType = sourcecode.swift; path = FCSymbol.swift; sourceTree = "<group>"; };
		52A0C8891BCE82B2000504FD /* FCFABViewController.swift */ = {isa = PBXFileReference; fileEncoding = 4; lastKnownFileType = sourcecode.swift; path = FCFABViewController.swift; sourceTree = "<group>"; };
		52A0C88B1BCE9006000504FD /* FCCreateEquationViewController.swift */ = {isa = PBXFileReference; fileEncoding = 4; lastKnownFileType = sourcecode.swift; path = FCCreateEquationViewController.swift; sourceTree = "<group>"; };
		52A0C88F1BCE9D7D000504FD /* FCMovingButton.swift */ = {isa = PBXFileReference; fileEncoding = 4; lastKnownFileType = sourcecode.swift; path = FCMovingButton.swift; sourceTree = "<group>"; };
		52A0C8911BCEA952000504FD /* FCMovingView.swift */ = {isa = PBXFileReference; fileEncoding = 4; lastKnownFileType = sourcecode.swift; path = FCMovingView.swift; sourceTree = "<group>"; };
		52A2CD561BCD6898000A7B0E /* FCSwiftShitness.h */ = {isa = PBXFileReference; fileEncoding = 4; lastKnownFileType = sourcecode.c.h; path = FCSwiftShitness.h; sourceTree = "<group>"; };
		52A2CD571BCD6898000A7B0E /* FCSwiftShitness.m */ = {isa = PBXFileReference; fileEncoding = 4; lastKnownFileType = sourcecode.c.objc; path = FCSwiftShitness.m; sourceTree = "<group>"; };
/* End PBXFileReference section */

/* Begin PBXFrameworksBuildPhase section */
		525D0C291BCBC8E700EFFC31 /* Frameworks */ = {
			isa = PBXFrameworksBuildPhase;
			buildActionMask = 2147483647;
			files = (
			);
			runOnlyForDeploymentPostprocessing = 0;
		};
		525D0C3D1BCBC8E700EFFC31 /* Frameworks */ = {
			isa = PBXFrameworksBuildPhase;
			buildActionMask = 2147483647;
			files = (
			);
			runOnlyForDeploymentPostprocessing = 0;
		};
/* End PBXFrameworksBuildPhase section */

/* Begin PBXGroup section */
		525D0C231BCBC8E700EFFC31 = {
			isa = PBXGroup;
			children = (
				525D0C2E1BCBC8E700EFFC31 /* FreqCharts */,
				525D0C431BCBC8E700EFFC31 /* FreqChartsTests */,
				525D0C2D1BCBC8E700EFFC31 /* Products */,
			);
			sourceTree = "<group>";
		};
		525D0C2D1BCBC8E700EFFC31 /* Products */ = {
			isa = PBXGroup;
			children = (
				525D0C2C1BCBC8E700EFFC31 /* FreqCharts.app */,
				525D0C401BCBC8E700EFFC31 /* FreqChartsTests.xctest */,
			);
			name = Products;
			sourceTree = "<group>";
		};
		525D0C2E1BCBC8E700EFFC31 /* FreqCharts */ = {
			isa = PBXGroup;
			children = (
				525D0C2F1BCBC8E700EFFC31 /* AppDelegate.swift */,
				525D0C311BCBC8E700EFFC31 /* FCEquationViewController.swift */,
				525D0C331BCBC8E700EFFC31 /* Main.storyboard */,
				525D0C361BCBC8E700EFFC31 /* Assets.xcassets */,
				525D0C381BCBC8E700EFFC31 /* LaunchScreen.storyboard */,
				525D0C3B1BCBC8E700EFFC31 /* Info.plist */,
				525D0C4F1BCBD35F00EFFC31 /* test.html */,
				525D0C511BCBD79500EFFC31 /* FCSymbol.swift */,
				525BA0791BCBF30900D00556 /* FCBubblesCollectionViewController.swift */,
				525BA07B1BCBF37A00D00556 /* FCBubbleViewModel.swift */,
				525BA07D1BCBF3E500D00556 /* FCBubbleCollectionViewCell.swift */,
				525BA07F1BCBF5A600D00556 /* FCBubbleCollectionViewFlowLayout.swift */,
				525BA0851BCC1E9800D00556 /* FreqCharts-Bridging-Header.h */,
				52A2CD561BCD6898000A7B0E /* FCSwiftShitness.h */,
				52A2CD571BCD6898000A7B0E /* FCSwiftShitness.m */,
				52A0C8891BCE82B2000504FD /* FCFABViewController.swift */,
				52A0C88B1BCE9006000504FD /* FCCreateEquationViewController.swift */,
				52A0C88F1BCE9D7D000504FD /* FCMovingButton.swift */,
				52A0C8911BCEA952000504FD /* FCMovingView.swift */,
			);
			path = FreqCharts;
			sourceTree = "<group>";
		};
		525D0C431BCBC8E700EFFC31 /* FreqChartsTests */ = {
			isa = PBXGroup;
			children = (
				525D0C441BCBC8E700EFFC31 /* FreqChartsTests.swift */,
				525D0C461BCBC8E700EFFC31 /* Info.plist */,
			);
			path = FreqChartsTests;
			sourceTree = "<group>";
		};
/* End PBXGroup section */

/* Begin PBXNativeTarget section */
		525D0C2B1BCBC8E700EFFC31 /* FreqCharts */ = {
			isa = PBXNativeTarget;
			buildConfigurationList = 525D0C491BCBC8E700EFFC31 /* Build configuration list for PBXNativeTarget "FreqCharts" */;
			buildPhases = (
				525D0C281BCBC8E700EFFC31 /* Sources */,
				525D0C291BCBC8E700EFFC31 /* Frameworks */,
				525D0C2A1BCBC8E700EFFC31 /* Resources */,
			);
			buildRules = (
			);
			dependencies = (
			);
			name = FreqCharts;
			productName = FreqCharts;
			productReference = 525D0C2C1BCBC8E700EFFC31 /* FreqCharts.app */;
			productType = "com.apple.product-type.application";
		};
		525D0C3F1BCBC8E700EFFC31 /* FreqChartsTests */ = {
			isa = PBXNativeTarget;
			buildConfigurationList = 525D0C4C1BCBC8E700EFFC31 /* Build configuration list for PBXNativeTarget "FreqChartsTests" */;
			buildPhases = (
				525D0C3C1BCBC8E700EFFC31 /* Sources */,
				525D0C3D1BCBC8E700EFFC31 /* Frameworks */,
				525D0C3E1BCBC8E700EFFC31 /* Resources */,
			);
			buildRules = (
			);
			dependencies = (
				525D0C421BCBC8E700EFFC31 /* PBXTargetDependency */,
			);
			name = FreqChartsTests;
			productName = FreqChartsTests;
			productReference = 525D0C401BCBC8E700EFFC31 /* FreqChartsTests.xctest */;
			productType = "com.apple.product-type.bundle.unit-test";
		};
/* End PBXNativeTarget section */

/* Begin PBXProject section */
		525D0C241BCBC8E700EFFC31 /* Project object */ = {
			isa = PBXProject;
			attributes = {
				LastSwiftUpdateCheck = 0700;
				LastUpgradeCheck = 0700;
				ORGANIZATIONNAME = maciejCh;
				TargetAttributes = {
					525D0C2B1BCBC8E700EFFC31 = {
						CreatedOnToolsVersion = 7.0.1;
					};
					525D0C3F1BCBC8E700EFFC31 = {
						CreatedOnToolsVersion = 7.0.1;
						TestTargetID = 525D0C2B1BCBC8E700EFFC31;
					};
				};
			};
			buildConfigurationList = 525D0C271BCBC8E700EFFC31 /* Build configuration list for PBXProject "FreqCharts" */;
			compatibilityVersion = "Xcode 3.2";
			developmentRegion = English;
			hasScannedForEncodings = 0;
			knownRegions = (
				en,
				Base,
			);
			mainGroup = 525D0C231BCBC8E700EFFC31;
			productRefGroup = 525D0C2D1BCBC8E700EFFC31 /* Products */;
			projectDirPath = "";
			projectRoot = "";
			targets = (
				525D0C2B1BCBC8E700EFFC31 /* FreqCharts */,
				525D0C3F1BCBC8E700EFFC31 /* FreqChartsTests */,
			);
		};
/* End PBXProject section */

/* Begin PBXResourcesBuildPhase section */
		525D0C2A1BCBC8E700EFFC31 /* Resources */ = {
			isa = PBXResourcesBuildPhase;
			buildActionMask = 2147483647;
			files = (
				525D0C3A1BCBC8E700EFFC31 /* LaunchScreen.storyboard in Resources */,
				525D0C371BCBC8E700EFFC31 /* Assets.xcassets in Resources */,
				525D0C501BCBD35F00EFFC31 /* test.html in Resources */,
				525D0C351BCBC8E700EFFC31 /* Main.storyboard in Resources */,
			);
			runOnlyForDeploymentPostprocessing = 0;
		};
		525D0C3E1BCBC8E700EFFC31 /* Resources */ = {
			isa = PBXResourcesBuildPhase;
			buildActionMask = 2147483647;
			files = (
			);
			runOnlyForDeploymentPostprocessing = 0;
		};
/* End PBXResourcesBuildPhase section */

/* Begin PBXSourcesBuildPhase section */
		525D0C281BCBC8E700EFFC31 /* Sources */ = {
			isa = PBXSourcesBuildPhase;
			buildActionMask = 2147483647;
			files = (
				52A0C88A1BCE82B2000504FD /* FCFABViewController.swift in Sources */,
				525BA07C1BCBF37A00D00556 /* FCBubbleViewModel.swift in Sources */,
				525D0C321BCBC8E700EFFC31 /* FCEquationViewController.swift in Sources */,
				525BA07A1BCBF30900D00556 /* FCBubblesCollectionViewController.swift in Sources */,
				52A2CD581BCD6898000A7B0E /* FCSwiftShitness.m in Sources */,
				52A0C8921BCEA952000504FD /* FCMovingView.swift in Sources */,
				525D0C301BCBC8E700EFFC31 /* AppDelegate.swift in Sources */,
				52A0C8901BCE9D7D000504FD /* FCMovingButton.swift in Sources */,
				525BA07E1BCBF3E500D00556 /* FCBubbleCollectionViewCell.swift in Sources */,
				52A0C88C1BCE9006000504FD /* FCCreateEquationViewController.swift in Sources */,
				525BA0801BCBF5A600D00556 /* FCBubbleCollectionViewFlowLayout.swift in Sources */,
				525D0C521BCBD79500EFFC31 /* FCSymbol.swift in Sources */,
			);
			runOnlyForDeploymentPostprocessing = 0;
		};
		525D0C3C1BCBC8E700EFFC31 /* Sources */ = {
			isa = PBXSourcesBuildPhase;
			buildActionMask = 2147483647;
			files = (
				525D0C451BCBC8E700EFFC31 /* FreqChartsTests.swift in Sources */,
			);
			runOnlyForDeploymentPostprocessing = 0;
		};
/* End PBXSourcesBuildPhase section */

/* Begin PBXTargetDependency section */
		525D0C421BCBC8E700EFFC31 /* PBXTargetDependency */ = {
			isa = PBXTargetDependency;
			target = 525D0C2B1BCBC8E700EFFC31 /* FreqCharts */;
			targetProxy = 525D0C411BCBC8E700EFFC31 /* PBXContainerItemProxy */;
		};
/* End PBXTargetDependency section */

/* Begin PBXVariantGroup section */
		525D0C331BCBC8E700EFFC31 /* Main.storyboard */ = {
			isa = PBXVariantGroup;
			children = (
				525D0C341BCBC8E700EFFC31 /* Base */,
			);
			name = Main.storyboard;
			sourceTree = "<group>";
		};
		525D0C381BCBC8E700EFFC31 /* LaunchScreen.storyboard */ = {
			isa = PBXVariantGroup;
			children = (
				525D0C391BCBC8E700EFFC31 /* Base */,
			);
			name = LaunchScreen.storyboard;
			sourceTree = "<group>";
		};
/* End PBXVariantGroup section */

/* Begin XCBuildConfiguration section */
		525D0C471BCBC8E700EFFC31 /* Debug */ = {
			isa = XCBuildConfiguration;
			buildSettings = {
				ALWAYS_SEARCH_USER_PATHS = NO;
				CLANG_CXX_LANGUAGE_STANDARD = "gnu++0x";
				CLANG_CXX_LIBRARY = "libc++";
				CLANG_ENABLE_MODULES = YES;
				CLANG_ENABLE_OBJC_ARC = YES;
				CLANG_WARN_BOOL_CONVERSION = YES;
				CLANG_WARN_CONSTANT_CONVERSION = YES;
				CLANG_WARN_DIRECT_OBJC_ISA_USAGE = YES_ERROR;
				CLANG_WARN_EMPTY_BODY = YES;
				CLANG_WARN_ENUM_CONVERSION = YES;
				CLANG_WARN_INT_CONVERSION = YES;
				CLANG_WARN_OBJC_ROOT_CLASS = YES_ERROR;
				CLANG_WARN_UNREACHABLE_CODE = YES;
				CLANG_WARN__DUPLICATE_METHOD_MATCH = YES;
				"CODE_SIGN_IDENTITY[sdk=iphoneos*]" = "iPhone Developer";
				COPY_PHASE_STRIP = NO;
				DEBUG_INFORMATION_FORMAT = dwarf;
				ENABLE_STRICT_OBJC_MSGSEND = YES;
				ENABLE_TESTABILITY = YES;
				GCC_C_LANGUAGE_STANDARD = gnu99;
				GCC_DYNAMIC_NO_PIC = NO;
				GCC_NO_COMMON_BLOCKS = YES;
				GCC_OPTIMIZATION_LEVEL = 0;
				GCC_PREPROCESSOR_DEFINITIONS = (
					"DEBUG=1",
					"$(inherited)",
				);
				GCC_WARN_64_TO_32_BIT_CONVERSION = YES;
				GCC_WARN_ABOUT_RETURN_TYPE = YES_ERROR;
				GCC_WARN_UNDECLARED_SELECTOR = YES;
				GCC_WARN_UNINITIALIZED_AUTOS = YES_AGGRESSIVE;
				GCC_WARN_UNUSED_FUNCTION = YES;
				GCC_WARN_UNUSED_VARIABLE = YES;
				IPHONEOS_DEPLOYMENT_TARGET = 9.0;
				MTL_ENABLE_DEBUG_INFO = YES;
				ONLY_ACTIVE_ARCH = YES;
				SDKROOT = iphoneos;
				SWIFT_OPTIMIZATION_LEVEL = "-Onone";
			};
			name = Debug;
		};
		525D0C481BCBC8E700EFFC31 /* Release */ = {
			isa = XCBuildConfiguration;
			buildSettings = {
				ALWAYS_SEARCH_USER_PATHS = NO;
				CLANG_CXX_LANGUAGE_STANDARD = "gnu++0x";
				CLANG_CXX_LIBRARY = "libc++";
				CLANG_ENABLE_MODULES = YES;
				CLANG_ENABLE_OBJC_ARC = YES;
				CLANG_WARN_BOOL_CONVERSION = YES;
				CLANG_WARN_CONSTANT_CONVERSION = YES;
				CLANG_WARN_DIRECT_OBJC_ISA_USAGE = YES_ERROR;
				CLANG_WARN_EMPTY_BODY = YES;
				CLANG_WARN_ENUM_CONVERSION = YES;
				CLANG_WARN_INT_CONVERSION = YES;
				CLANG_WARN_OBJC_ROOT_CLASS = YES_ERROR;
				CLANG_WARN_UNREACHABLE_CODE = YES;
				CLANG_WARN__DUPLICATE_METHOD_MATCH = YES;
				"CODE_SIGN_IDENTITY[sdk=iphoneos*]" = "iPhone Developer";
				COPY_PHASE_STRIP = NO;
				DEBUG_INFORMATION_FORMAT = "dwarf-with-dsym";
				ENABLE_NS_ASSERTIONS = NO;
				ENABLE_STRICT_OBJC_MSGSEND = YES;
				GCC_C_LANGUAGE_STANDARD = gnu99;
				GCC_NO_COMMON_BLOCKS = YES;
				GCC_WARN_64_TO_32_BIT_CONVERSION = YES;
				GCC_WARN_ABOUT_RETURN_TYPE = YES_ERROR;
				GCC_WARN_UNDECLARED_SELECTOR = YES;
				GCC_WARN_UNINITIALIZED_AUTOS = YES_AGGRESSIVE;
				GCC_WARN_UNUSED_FUNCTION = YES;
				GCC_WARN_UNUSED_VARIABLE = YES;
				IPHONEOS_DEPLOYMENT_TARGET = 9.0;
				MTL_ENABLE_DEBUG_INFO = NO;
				SDKROOT = iphoneos;
				VALIDATE_PRODUCT = YES;
			};
			name = Release;
		};
		525D0C4A1BCBC8E700EFFC31 /* Debug */ = {
			isa = XCBuildConfiguration;
			buildSettings = {
				ASSETCATALOG_COMPILER_APPICON_NAME = AppIcon;
				CLANG_ENABLE_MODULES = YES;
				INFOPLIST_FILE = FreqCharts/Info.plist;
				LD_RUNPATH_SEARCH_PATHS = "$(inherited) @executable_path/Frameworks";
				PRODUCT_BUNDLE_IDENTIFIER = com.maciejch.FreqCharts;
				PRODUCT_NAME = "$(TARGET_NAME)";
				SWIFT_OBJC_BRIDGING_HEADER = "FreqCharts/FreqCharts-Bridging-Header.h";
				SWIFT_OPTIMIZATION_LEVEL = "-Onone";
			};
			name = Debug;
		};
		525D0C4B1BCBC8E700EFFC31 /* Release */ = {
			isa = XCBuildConfiguration;
			buildSettings = {
				ASSETCATALOG_COMPILER_APPICON_NAME = AppIcon;
				CLANG_ENABLE_MODULES = YES;
				INFOPLIST_FILE = FreqCharts/Info.plist;
				LD_RUNPATH_SEARCH_PATHS = "$(inherited) @executable_path/Frameworks";
				PRODUCT_BUNDLE_IDENTIFIER = com.maciejch.FreqCharts;
				PRODUCT_NAME = "$(TARGET_NAME)";
				SWIFT_OBJC_BRIDGING_HEADER = "FreqCharts/FreqCharts-Bridging-Header.h";
			};
			name = Release;
		};
		525D0C4D1BCBC8E700EFFC31 /* Debug */ = {
			isa = XCBuildConfiguration;
			buildSettings = {
				BUNDLE_LOADER = "$(TEST_HOST)";
				INFOPLIST_FILE = FreqChartsTests/Info.plist;
				LD_RUNPATH_SEARCH_PATHS = "$(inherited) @executable_path/Frameworks @loader_path/Frameworks";
				PRODUCT_BUNDLE_IDENTIFIER = com.maciejch.FreqChartsTests;
				PRODUCT_NAME = "$(TARGET_NAME)";
				TEST_HOST = "$(BUILT_PRODUCTS_DIR)/FreqCharts.app/FreqCharts";
			};
			name = Debug;
		};
		525D0C4E1BCBC8E700EFFC31 /* Release */ = {
			isa = XCBuildConfiguration;
			buildSettings = {
				BUNDLE_LOADER = "$(TEST_HOST)";
				INFOPLIST_FILE = FreqChartsTests/Info.plist;
				LD_RUNPATH_SEARCH_PATHS = "$(inherited) @executable_path/Frameworks @loader_path/Frameworks";
				PRODUCT_BUNDLE_IDENTIFIER = com.maciejch.FreqChartsTests;
				PRODUCT_NAME = "$(TARGET_NAME)";
				TEST_HOST = "$(BUILT_PRODUCTS_DIR)/FreqCharts.app/FreqCharts";
			};
			name = Release;
		};
/* End XCBuildConfiguration section */

/* Begin XCConfigurationList section */
		525D0C271BCBC8E700EFFC31 /* Build configuration list for PBXProject "FreqCharts" */ = {
			isa = XCConfigurationList;
			buildConfigurations = (
				525D0C471BCBC8E700EFFC31 /* Debug */,
				525D0C481BCBC8E700EFFC31 /* Release */,
			);
			defaultConfigurationIsVisible = 0;
			defaultConfigurationName = Release;
		};
		525D0C491BCBC8E700EFFC31 /* Build configuration list for PBXNativeTarget "FreqCharts" */ = {
			isa = XCConfigurationList;
			buildConfigurations = (
				525D0C4A1BCBC8E700EFFC31 /* Debug */,
				525D0C4B1BCBC8E700EFFC31 /* Release */,
			);
			defaultConfigurationIsVisible = 0;
			defaultConfigurationName = Release;
		};
		525D0C4C1BCBC8E700EFFC31 /* Build configuration list for PBXNativeTarget "FreqChartsTests" */ = {
			isa = XCConfigurationList;
			buildConfigurations = (
				525D0C4D1BCBC8E700EFFC31 /* Debug */,
				525D0C4E1BCBC8E700EFFC31 /* Release */,
			);
			defaultConfigurationIsVisible = 0;
			defaultConfigurationName = Release;
		};
/* End XCConfigurationList section */
	};
	rootObject = 525D0C241BCBC8E700EFFC31 /* Project object */;
}
